<?xml version="1.0" encoding="utf-8"?>
<Project ToolsVersion="4.0" xmlns="http://schemas.microsoft.com/developer/msbuild/2003">
  <ItemGroup>
    <ClCompile Include="stdafx.cpp" />
    <ClCompile Include="dllmain.cpp" />
    <ClCompile Include="Input\Bindings.cpp">
      <Filter>Input</Filter>
    </ClCompile>
    <ClCompile Include="Input\InputDevice.cpp">
      <Filter>Input</Filter>
    </ClCompile>
    <ClCompile Include="Input\Mapping.cpp">
      <Filter>Input</Filter>
    </ClCompile>
    <ClCompile Include="Input\OISInputDevice.cpp">
      <Filter>Input</Filter>
    </ClCompile>
    <ClCompile Include="Input\OISKeyboard.cpp">
      <Filter>Input</Filter>
    </ClCompile>
    <ClCompile Include="Input\OISMouse.cpp">
      <Filter>Input</Filter>
    </ClCompile>
  </ItemGroup>
  <ItemGroup>
    <ClInclude Include="stdafx.h" />
    <ClInclude Include="Input\Binding.hpp">
      <Filter>Input</Filter>
    </ClInclude>
    <ClInclude Include="Input\Bindings.h">
      <Filter>Input</Filter>
    </ClInclude>
    <ClInclude Include="Input\Control.hpp">
      <Filter>Input</Filter>
    </ClInclude>
    <ClInclude Include="Input\Controller.hpp">
      <Filter>Input</Filter>
    </ClInclude>
    <ClInclude Include="Input\InputDevice.hpp">
      <Filter>Input</Filter>
    </ClInclude>
    <ClInclude Include="Input\InputEnums.h">
      <Filter>Input</Filter>
    </ClInclude>
    <ClInclude Include="Input\Mapping.h">
      <Filter>Input</Filter>
    </ClInclude>
    <ClInclude Include="Input\OISController.hpp">
      <Filter>Input</Filter>
    </ClInclude>
    <ClInclude Include="Input\OISInputDevice.h">
      <Filter>Input</Filter>
    </ClInclude>
    <ClInclude Include="Input\OISKeyboard.h">
      <Filter>Input</Filter>
    </ClInclude>
    <ClInclude Include="Input\OISMouse.h">
      <Filter>Input</Filter>
    </ClInclude>
    <ClInclude Include="Input\Scaled.hpp">
      <Filter>Input</Filter>
    </ClInclude>
  </ItemGroup>
  <ItemGroup>
    <Filter Include="Input">
      <UniqueIdentifier>{a689d16c-9cc0-4a12-8a19-920c8967971a}</UniqueIdentifier>
    </Filter>
  </ItemGroup>
</Project>