<?xml version="1.0" encoding="utf-8"?>
<Project ToolsVersion="4.0" xmlns="http://schemas.microsoft.com/developer/msbuild/2003">
  <ItemGroup>
    <Filter Include="Math">
      <UniqueIdentifier>{817f3438-07bb-488c-b0a3-36e19c3706ac}</UniqueIdentifier>
    </Filter>
    <Filter Include="Logging">
      <UniqueIdentifier>{24a9ff48-ee4a-4fa7-a783-6de059fef952}</UniqueIdentifier>
    </Filter>
    <Filter Include="Time">
      <UniqueIdentifier>{b239773a-3c68-4dcc-b557-c23f31324b2b}</UniqueIdentifier>
    </Filter>
    <Filter Include="Interface">
      <UniqueIdentifier>{002dbe01-4b59-46db-9625-8a7b98485a59}</UniqueIdentifier>
    </Filter>
    <Filter Include="Input">
      <UniqueIdentifier>{5ed08db7-aad3-4a58-aba3-c58c4015db59}</UniqueIdentifier>
    </Filter>
  </ItemGroup>
  <ItemGroup>
    <ClCompile Include="dllmain.cpp" />
    <ClCompile Include="stdafx.cpp" />
    <ClCompile Include="Time\FPSLimiter.cpp">
      <Filter>Time</Filter>
    </ClCompile>
    <ClCompile Include="Time\Time.cpp">
      <Filter>Time</Filter>
    </ClCompile>
    <ClCompile Include="Time\Timer.cpp">
      <Filter>Time</Filter>
    </ClCompile>
    <ClCompile Include="Math\MathHelper.cpp">
      <Filter>Math</Filter>
    </ClCompile>
    <ClCompile Include="Node.cpp" />
    <ClCompile Include="Time\FixedTimer.cpp">
      <Filter>Time</Filter>
    </ClCompile>
  </ItemGroup>
  <ItemGroup>
    <ClInclude Include="stdafx.h" />
    <ClInclude Include="Time\FPSLimiter.h">
      <Filter>Time</Filter>
    </ClInclude>
    <ClInclude Include="Time\Time.h">
      <Filter>Time</Filter>
    </ClInclude>
    <ClInclude Include="Time\Timer.h">
      <Filter>Time</Filter>
    </ClInclude>
    <ClInclude Include="Interface\ISerializable.h">
      <Filter>Interface</Filter>
    </ClInclude>
    <ClInclude Include="Interface\ITickable.h">
      <Filter>Interface</Filter>
    </ClInclude>
    <ClInclude Include="Math\MathHelper.h">
      <Filter>Math</Filter>
    </ClInclude>
    <ClInclude Include="Input\InputDefines.h">
      <Filter>Input</Filter>
    </ClInclude>
    <ClInclude Include="Interface\INode.h">
      <Filter>Interface</Filter>
    </ClInclude>
    <ClInclude Include="Node.h" />
    <ClInclude Include="Logging\Log.h">
      <Filter>Logging</Filter>
    </ClInclude>
    <ClInclude Include="Input\KeyboardInputManager.h">
      <Filter>Input</Filter>
    </ClInclude>
    <ClInclude Include="Input\MouseInputManager.h">
      <Filter>Input</Filter>
    </ClInclude>
    <ClInclude Include="Time\FixedTimer.h">
      <Filter>Time</Filter>
    </ClInclude>
  </ItemGroup>
</Project>