<?xml version="1.0" encoding="utf-8"?>
<Project ToolsVersion="4.0" xmlns="http://schemas.microsoft.com/developer/msbuild/2003">
  <ItemGroup>
    <Filter Include="Time">
      <UniqueIdentifier>{b239773a-3c68-4dcc-b557-c23f31324b2b}</UniqueIdentifier>
    </Filter>
    <Filter Include="include">
      <UniqueIdentifier>{3db9cb99-4682-4124-be74-43780f8f91bc}</UniqueIdentifier>
    </Filter>
    <Filter Include="include\File">
      <UniqueIdentifier>{9c7786df-d3aa-47da-887e-d35b956248bd}</UniqueIdentifier>
    </Filter>
    <Filter Include="include\Input">
      <UniqueIdentifier>{5ed08db7-aad3-4a58-aba3-c58c4015db59}</UniqueIdentifier>
    </Filter>
    <Filter Include="include\Interface">
      <UniqueIdentifier>{002dbe01-4b59-46db-9625-8a7b98485a59}</UniqueIdentifier>
    </Filter>
    <Filter Include="include\Math">
      <UniqueIdentifier>{817f3438-07bb-488c-b0a3-36e19c3706ac}</UniqueIdentifier>
    </Filter>
    <Filter Include="include\Template">
      <UniqueIdentifier>{f6e18429-a70b-4610-bd83-95fe99c9f3a7}</UniqueIdentifier>
    </Filter>
    <Filter Include="include\Time">
      <UniqueIdentifier>{0cab583e-751c-4638-ab4e-4d53682f3be1}</UniqueIdentifier>
    </Filter>
    <Filter Include="include\ECS">
      <UniqueIdentifier>{5606dffc-9f9d-41db-ab92-3a8bfabd660d}</UniqueIdentifier>
    </Filter>
    <Filter Include="ECS">
      <UniqueIdentifier>{0ce5a568-d535-4192-abf7-d5cc83aafbcb}</UniqueIdentifier>
    </Filter>
    <Filter Include="include\Thread">
      <UniqueIdentifier>{bba6d440-784f-478f-af28-1bca92b08db1}</UniqueIdentifier>
    </Filter>
    <Filter Include="include\Log">
      <UniqueIdentifier>{c983bec4-acc0-403d-b4de-5534210fbf15}</UniqueIdentifier>
    </Filter>
  </ItemGroup>
  <ItemGroup>
    <ClCompile Include="dllmain.cpp" />
    <ClCompile Include="stdafx.cpp" />
    <ClCompile Include="Time\Time.cpp">
      <Filter>Time</Filter>
    </ClCompile>
    <ClCompile Include="Time\Timer.cpp">
      <Filter>Time</Filter>
    </ClCompile>
    <ClCompile Include="ECS\Entity.cpp">
      <Filter>ECS</Filter>
    </ClCompile>
  </ItemGroup>
  <ItemGroup>
    <ClInclude Include="stdafx.h" />
    <ClInclude Include="include\File\FileUtility.h">
      <Filter>include\File</Filter>
    </ClInclude>
    <ClInclude Include="include\Input\InputDefines.h">
      <Filter>include\Input</Filter>
    </ClInclude>
    <ClInclude Include="include\Input\KeyboardInputSystem.h">
      <Filter>include\Input</Filter>
    </ClInclude>
    <ClInclude Include="include\Input\MouseInputSystem.h">
      <Filter>include\Input</Filter>
    </ClInclude>
    <ClInclude Include="include\Interface\ITickable.h">
      <Filter>include\Interface</Filter>
    </ClInclude>
    <ClInclude Include="include\Interface\NonCopyable.h">
      <Filter>include\Interface</Filter>
    </ClInclude>
    <ClInclude Include="include\Interface\NonMovable.h">
      <Filter>include\Interface</Filter>
    </ClInclude>
    <ClInclude Include="include\Interface\Singleton.h">
      <Filter>include\Interface</Filter>
    </ClInclude>
    <ClInclude Include="include\Math\AABox.h">
      <Filter>include\Math</Filter>
    </ClInclude>
    <ClInclude Include="include\Math\AARect.h">
      <Filter>include\Math</Filter>
    </ClInclude>
    <ClInclude Include="include\Math\Box.h">
      <Filter>include\Math</Filter>
    </ClInclude>
    <ClInclude Include="include\Math\Camera.h">
      <Filter>include\Math</Filter>
    </ClInclude>
    <ClInclude Include="include\Math\Circle.h">
      <Filter>include\Math</Filter>
    </ClInclude>
    <ClInclude Include="include\Math\LineSegment.h">
      <Filter>include\Math</Filter>
    </ClInclude>
    <ClInclude Include="include\Math\Math.h">
      <Filter>include\Math</Filter>
    </ClInclude>
    <ClInclude Include="include\Math\Perspective.h">
      <Filter>include\Math</Filter>
    </ClInclude>
    <ClInclude Include="include\Math\Polygon.h">
      <Filter>include\Math</Filter>
    </ClInclude>
    <ClInclude Include="include\Math\Ray.h">
      <Filter>include\Math</Filter>
    </ClInclude>
    <ClInclude Include="include\Math\Rect.h">
      <Filter>include\Math</Filter>
    </ClInclude>
    <ClInclude Include="include\Math\Sphere.h">
      <Filter>include\Math</Filter>
    </ClInclude>
    <ClInclude Include="include\Math\Transform.h">
      <Filter>include\Math</Filter>
    </ClInclude>
    <ClInclude Include="include\Template\Cacher.h">
      <Filter>include\Template</Filter>
    </ClInclude>
    <ClInclude Include="include\Template\NonAssignable.h">
      <Filter>include\Template</Filter>
    </ClInclude>
    <ClInclude Include="include\Template\Observer.h">
      <Filter>include\Template</Filter>
    </ClInclude>
    <ClInclude Include="include\Template\Producer.h">
      <Filter>include\Template</Filter>
    </ClInclude>
    <ClInclude Include="include\Time\FixedTimer.h">
      <Filter>include\Time</Filter>
    </ClInclude>
    <ClInclude Include="include\Time\FPSLimiter.h">
      <Filter>include\Time</Filter>
    </ClInclude>
    <ClInclude Include="include\Time\Time.h">
      <Filter>include\Time</Filter>
    </ClInclude>
    <ClInclude Include="include\Time\Timer.h">
      <Filter>include\Time</Filter>
    </ClInclude>
    <ClInclude Include="include\Template\CallbackPtr.h">
      <Filter>include\Template</Filter>
    </ClInclude>
    <ClInclude Include="include\Math\Mesh.h">
      <Filter>include\Math</Filter>
    </ClInclude>
    <ClInclude Include="include\ECS\Component.h">
      <Filter>include\ECS</Filter>
    </ClInclude>
    <ClInclude Include="include\ECS\Entity.h">
      <Filter>include\ECS</Filter>
    </ClInclude>
    <ClInclude Include="include\ECS\AssetManager.h">
      <Filter>include\ECS</Filter>
    </ClInclude>
    <ClInclude Include="include\ECS\ComponentManager.h">
      <Filter>include\ECS</Filter>
    </ClInclude>
    <ClInclude Include="include\ECS\IManager.h">
      <Filter>include\ECS</Filter>
    </ClInclude>
    <ClInclude Include="include\ECS\ManagerFactory.h">
      <Filter>include\ECS</Filter>
    </ClInclude>
    <ClInclude Include="include\Log\Log.h">
      <Filter>include\Log</Filter>
    </ClInclude>
    <ClInclude Include="include\Log\LogToFile.h">
      <Filter>include\Log</Filter>
    </ClInclude>
    <ClInclude Include="include\Thread\Thread.h">
      <Filter>include\Thread</Filter>
    </ClInclude>
    <ClInclude Include="include\Thread\LockQueue.h">
      <Filter>include\Thread</Filter>
    </ClInclude>
  </ItemGroup>
</Project>