<?xml version="1.0" encoding="utf-8"?>
<Project ToolsVersion="4.0" xmlns="http://schemas.microsoft.com/developer/msbuild/2003">
  <ItemGroup>
    <ClCompile Include="stdafx.cpp" />
    <ClCompile Include="dllmain.cpp" />
    <ClCompile Include="Window\GLWindow.cpp">
      <Filter>Window</Filter>
    </ClCompile>
    <ClCompile Include="Pipeline\Shader.cpp">
      <Filter>Pipeline</Filter>
    </ClCompile>
    <ClCompile Include="GraphicsEngine.cpp" />
    <ClCompile Include="Pipeline\ShaderSource.cpp">
      <Filter>Pipeline</Filter>
    </ClCompile>
    <ClCompile Include="Surface\Material.cpp">
      <Filter>Surface</Filter>
    </ClCompile>
    <ClCompile Include="Surface\Texture.cpp">
      <Filter>Surface</Filter>
    </ClCompile>
    <ClCompile Include="Managers\MaterialManager.cpp">
      <Filter>Managers</Filter>
    </ClCompile>
    <ClCompile Include="Managers\ModelManager.cpp">
      <Filter>Managers</Filter>
    </ClCompile>
    <ClCompile Include="Managers\ShaderManager.cpp">
      <Filter>Managers</Filter>
    </ClCompile>
    <ClCompile Include="Managers\ShaderSourceManager.cpp">
      <Filter>Managers</Filter>
    </ClCompile>
    <ClCompile Include="Managers\TextureManager.cpp">
      <Filter>Managers</Filter>
    </ClCompile>
    <ClCompile Include="Pipeline\IndexBuffer.cpp">
      <Filter>Pipeline</Filter>
    </ClCompile>
    <ClCompile Include="Pipeline\VertexArray.cpp">
      <Filter>Pipeline</Filter>
    </ClCompile>
    <ClCompile Include="Pipeline\VertexBuffer.cpp">
      <Filter>Pipeline</Filter>
    </ClCompile>
    <ClCompile Include="Rendering\GLRenderer.cpp">
      <Filter>Rendering</Filter>
    </ClCompile>
    <ClCompile Include="Pipeline\FrameBuffer.cpp">
      <Filter>Pipeline</Filter>
    </ClCompile>
    <ClCompile Include="Managers\PointLightManager.cpp">
      <Filter>Managers</Filter>
    </ClCompile>
    <ClCompile Include="include\Geometry\Model.cpp">
      <Filter>include\Geometry</Filter>
    </ClCompile>
  </ItemGroup>
  <ItemGroup>
    <ClInclude Include="stdafx.h" />
    <ClInclude Include="include\Managers\MaterialManager.h">
      <Filter>include\Managers</Filter>
    </ClInclude>
    <ClInclude Include="include\Managers\ModelManager.h">
      <Filter>include\Managers</Filter>
    </ClInclude>
    <ClInclude Include="include\Managers\PointLightManager.h">
      <Filter>include\Managers</Filter>
    </ClInclude>
    <ClInclude Include="include\Managers\ShaderManager.h">
      <Filter>include\Managers</Filter>
    </ClInclude>
    <ClInclude Include="include\Managers\ShaderSourceManager.h">
      <Filter>include\Managers</Filter>
    </ClInclude>
    <ClInclude Include="include\Managers\TextureManager.h">
      <Filter>include\Managers</Filter>
    </ClInclude>
    <ClInclude Include="include\Window\GLWindow.h">
      <Filter>include\Window</Filter>
    </ClInclude>
    <ClInclude Include="include\Window\IWindow.h">
      <Filter>include\Window</Filter>
    </ClInclude>
    <ClInclude Include="include\GraphicsEngine.h">
      <Filter>include</Filter>
    </ClInclude>
    <ClInclude Include="include\Rendering\GLRenderer.h">
      <Filter>include\Rendering</Filter>
    </ClInclude>
    <ClInclude Include="include\Rendering\IRenderer.h">
      <Filter>include\Rendering</Filter>
    </ClInclude>
    <ClInclude Include="include\Lighting\IBL.h">
      <Filter>include\Lighting</Filter>
    </ClInclude>
    <ClInclude Include="include\Geometry\Cube.h">
      <Filter>include\Geometry</Filter>
    </ClInclude>
    <ClInclude Include="include\Geometry\GPUGeometry.h">
      <Filter>include\Geometry</Filter>
    </ClInclude>
    <ClInclude Include="include\Geometry\Mesh.h">
      <Filter>include\Geometry</Filter>
    </ClInclude>
    <ClInclude Include="include\Geometry\Model.h">
      <Filter>include\Geometry</Filter>
    </ClInclude>
    <ClInclude Include="include\Geometry\Plane.h">
      <Filter>include\Geometry</Filter>
    </ClInclude>
    <ClInclude Include="include\Geometry\Quad.h">
      <Filter>include\Geometry</Filter>
    </ClInclude>
    <ClInclude Include="include\Lighting\DirectionalLight.h">
      <Filter>include\Lighting</Filter>
    </ClInclude>
    <ClInclude Include="include\Lighting\Light.h">
      <Filter>include\Lighting</Filter>
    </ClInclude>
    <ClInclude Include="include\Lighting\PointLight.h">
      <Filter>include\Lighting</Filter>
    </ClInclude>
    <ClInclude Include="include\Lighting\SpotLight.h">
      <Filter>include\Lighting</Filter>
    </ClInclude>
    <ClInclude Include="include\Surface\Material.h">
      <Filter>include\Surface</Filter>
    </ClInclude>
    <ClInclude Include="include\Surface\Texture.h">
      <Filter>include\Surface</Filter>
    </ClInclude>
    <ClInclude Include="include\Pipeline\FrameBuffer.h">
      <Filter>include\Pipeline</Filter>
    </ClInclude>
    <ClInclude Include="include\Pipeline\IndexBuffer.h">
      <Filter>include\Pipeline</Filter>
    </ClInclude>
    <ClInclude Include="include\Pipeline\Shader.h">
      <Filter>include\Pipeline</Filter>
    </ClInclude>
    <ClInclude Include="include\Pipeline\ShaderSource.h">
      <Filter>include\Pipeline</Filter>
    </ClInclude>
    <ClInclude Include="include\Pipeline\ShaderUniformFunctor.h">
      <Filter>include\Pipeline</Filter>
    </ClInclude>
    <ClInclude Include="include\Pipeline\VertexArray.h">
      <Filter>include\Pipeline</Filter>
    </ClInclude>
    <ClInclude Include="include\Pipeline\VertexBuffer.h">
      <Filter>include\Pipeline</Filter>
    </ClInclude>
    <ClInclude Include="include\Pipeline\VertexBufferLayout.h">
      <Filter>include\Pipeline</Filter>
    </ClInclude>
  </ItemGroup>
  <ItemGroup>
    <Filter Include="Window">
      <UniqueIdentifier>{78b8b412-23e9-41a9-a0e4-efd14133da19}</UniqueIdentifier>
    </Filter>
    <Filter Include="Pipeline">
      <UniqueIdentifier>{0ca40c0a-364b-4e3e-823c-1386529f52fa}</UniqueIdentifier>
    </Filter>
    <Filter Include="Shaders">
      <UniqueIdentifier>{46838d02-fe10-487c-9d76-f9d2f300fa4f}</UniqueIdentifier>
    </Filter>
    <Filter Include="Surface">
      <UniqueIdentifier>{9ec83860-3c23-4c54-a0a6-22e28240c0df}</UniqueIdentifier>
    </Filter>
    <Filter Include="Managers">
      <UniqueIdentifier>{4e852032-ce2c-42b8-8c01-ffa32ca0039b}</UniqueIdentifier>
    </Filter>
    <Filter Include="Rendering">
      <UniqueIdentifier>{08d81769-f5b2-4627-a76d-42331781a9fc}</UniqueIdentifier>
    </Filter>
    <Filter Include="include">
      <UniqueIdentifier>{eaafbfba-865b-4529-ad34-ac01742750a4}</UniqueIdentifier>
    </Filter>
    <Filter Include="include\Managers">
      <UniqueIdentifier>{2f84ea08-63e9-45ad-a9ec-a5b77cc3da08}</UniqueIdentifier>
    </Filter>
    <Filter Include="include\Window">
      <UniqueIdentifier>{363d6b26-e29d-465a-b867-e7fc735da347}</UniqueIdentifier>
    </Filter>
    <Filter Include="include\Rendering">
      <UniqueIdentifier>{00fc1b8e-fb7d-44af-ad51-75962dd863c4}</UniqueIdentifier>
    </Filter>
    <Filter Include="include\Lighting">
      <UniqueIdentifier>{d7495e69-0394-461e-8dcf-29893e9d6269}</UniqueIdentifier>
    </Filter>
    <Filter Include="include\Geometry">
      <UniqueIdentifier>{fc443a20-ded9-48be-86bf-8dc1f2931795}</UniqueIdentifier>
    </Filter>
    <Filter Include="include\Pipeline">
      <UniqueIdentifier>{9e13abef-2782-4888-83ba-7ade049ab5ca}</UniqueIdentifier>
    </Filter>
    <Filter Include="include\Surface">
      <UniqueIdentifier>{9b49e5d7-e176-421d-941f-f8f20d6dda3a}</UniqueIdentifier>
    </Filter>
  </ItemGroup>
  <ItemGroup>
    <None Include="assets\shaders\pbr.frag">
      <Filter>Shaders</Filter>
    </None>
    <None Include="assets\shaders\pbr.vert">
      <Filter>Shaders</Filter>
    </None>
    <None Include="assets\shaders\basic.frag">
      <Filter>Shaders</Filter>
    </None>
    <None Include="assets\shaders\basic.vert">
      <Filter>Shaders</Filter>
    </None>
    <None Include="assets\shaders\background.frag">
      <Filter>Shaders</Filter>
    </None>
    <None Include="assets\shaders\background.vert">
      <Filter>Shaders</Filter>
    </None>
    <None Include="assets\shaders\cubemap.vert">
      <Filter>Shaders</Filter>
    </None>
    <None Include="assets\shaders\equirectangular_to_cubemap.frag">
      <Filter>Shaders</Filter>
    </None>
  </ItemGroup>
</Project>