<?xml version="1.0" encoding="utf-8"?>
<Project ToolsVersion="4.0" xmlns="http://schemas.microsoft.com/developer/msbuild/2003">
  <ItemGroup>
    <ClCompile Include="stdafx.cpp" />
    <ClCompile Include="dllmain.cpp" />
    <ClCompile Include="Managers\MaterialManager.cpp">
      <Filter>Managers</Filter>
    </ClCompile>
    <ClCompile Include="Managers\ModelManager.cpp">
      <Filter>Managers</Filter>
    </ClCompile>
    <ClCompile Include="Managers\ShaderManager.cpp">
      <Filter>Managers</Filter>
    </ClCompile>
    <ClCompile Include="Managers\ShaderSourceManager.cpp">
      <Filter>Managers</Filter>
    </ClCompile>
    <ClCompile Include="Managers\TextureManager.cpp">
      <Filter>Managers</Filter>
    </ClCompile>
  </ItemGroup>
  <ItemGroup>
    <ClInclude Include="stdafx.h" />
    <ClInclude Include="Manager.h" />
    <ClInclude Include="Managers\MaterialManager.h">
      <Filter>Managers</Filter>
    </ClInclude>
    <ClInclude Include="Managers\ModelManager.h">
      <Filter>Managers</Filter>
    </ClInclude>
    <ClInclude Include="Managers\ShaderManager.h">
      <Filter>Managers</Filter>
    </ClInclude>
    <ClInclude Include="Managers\ShaderSourceManager.h">
      <Filter>Managers</Filter>
    </ClInclude>
    <ClInclude Include="Managers\TextureManager.h">
      <Filter>Managers</Filter>
    </ClInclude>
  </ItemGroup>
  <ItemGroup>
    <Filter Include="Managers">
      <UniqueIdentifier>{d61b4cee-7988-42d2-a1a6-07bbff3e3436}</UniqueIdentifier>
    </Filter>
  </ItemGroup>
</Project>