<?xml version="1.0" encoding="utf-8"?>
<Project ToolsVersion="4.0" xmlns="http://schemas.microsoft.com/developer/msbuild/2003">
  <ItemGroup>
    <ClCompile Include="stdafx.cpp" />
    <ClCompile Include="dllmain.cpp" />
    <ClCompile Include="Model\ModelManager.cpp">
      <Filter>Model</Filter>
    </ClCompile>
    <ClCompile Include="Material\MaterialManager.cpp">
      <Filter>Material</Filter>
    </ClCompile>
    <ClCompile Include="Shader\ShaderManager.cpp">
      <Filter>Shader</Filter>
    </ClCompile>
    <ClCompile Include="Shader\ShaderSourceManager.cpp">
      <Filter>Shader</Filter>
    </ClCompile>
    <ClCompile Include="Texture\TextureManager.cpp">
      <Filter>Texture</Filter>
    </ClCompile>
  </ItemGroup>
  <ItemGroup>
    <ClInclude Include="stdafx.h" />
    <ClInclude Include="Model\ModelManager.h">
      <Filter>Model</Filter>
    </ClInclude>
    <ClInclude Include="Material\MaterialManager.h">
      <Filter>Material</Filter>
    </ClInclude>
    <ClInclude Include="Shader\ShaderManager.h">
      <Filter>Shader</Filter>
    </ClInclude>
    <ClInclude Include="Shader\ShaderSourceManager.h">
      <Filter>Shader</Filter>
    </ClInclude>
    <ClInclude Include="Texture\TextureManager.h">
      <Filter>Texture</Filter>
    </ClInclude>
    <ClInclude Include="Manager.h" />
  </ItemGroup>
  <ItemGroup>
    <Filter Include="Model">
      <UniqueIdentifier>{1f6949d5-4fe2-4126-89e3-8525e044fa91}</UniqueIdentifier>
    </Filter>
    <Filter Include="Texture">
      <UniqueIdentifier>{cd744ded-cc10-4dcf-8d22-9022c06acfa8}</UniqueIdentifier>
    </Filter>
    <Filter Include="Shader">
      <UniqueIdentifier>{44f3a258-d3a5-4aa8-b886-f5e780fb404d}</UniqueIdentifier>
    </Filter>
    <Filter Include="Material">
      <UniqueIdentifier>{495c7f1c-e424-4b6c-b753-d157a614235b}</UniqueIdentifier>
    </Filter>
  </ItemGroup>
</Project>